// !$*UTF8*$!
{
	archiveVersion = 1;
	classes = {
	};
	objectVersion = 77;
	objects = {

/* Begin PBXContainerItemProxy section */
		AD744DC02D3917D500DDD6CE /* PBXContainerItemProxy */ = {
			isa = PBXContainerItemProxy;
			containerPortal = AD744DA72D3917D400DDD6CE /* Project object */;
			proxyType = 1;
			remoteGlobalIDString = AD744DAE2D3917D400DDD6CE;
			remoteInfo = "weather-tracker";
		};
		AD744DCA2D3917D500DDD6CE /* PBXContainerItemProxy */ = {
			isa = PBXContainerItemProxy;
			containerPortal = AD744DA72D3917D400DDD6CE /* Project object */;
			proxyType = 1;
			remoteGlobalIDString = AD744DAE2D3917D400DDD6CE;
			remoteInfo = "weather-tracker";
		};
/* End PBXContainerItemProxy section */

/* Begin PBXFileReference section */
		AD744DAF2D3917D400DDD6CE /* weather-tracker.app */ = {isa = PBXFileReference; explicitFileType = wrapper.application; includeInIndex = 0; path = "weather-tracker.app"; sourceTree = BUILT_PRODUCTS_DIR; };
		AD744DBF2D3917D500DDD6CE /* weather-trackerTests.xctest */ = {isa = PBXFileReference; explicitFileType = wrapper.cfbundle; includeInIndex = 0; path = "weather-trackerTests.xctest"; sourceTree = BUILT_PRODUCTS_DIR; };
		AD744DC92D3917D500DDD6CE /* weather-trackerUITests.xctest */ = {isa = PBXFileReference; explicitFileType = wrapper.cfbundle; includeInIndex = 0; path = "weather-trackerUITests.xctest"; sourceTree = BUILT_PRODUCTS_DIR; };
/* End PBXFileReference section */

/* Begin PBXFileSystemSynchronizedBuildFileExceptionSet section */
		ADC0E7382D3A380A00B96FEE /* Exceptions for "weather-tracker" folder in "weather-tracker" target */ = {
			isa = PBXFileSystemSynchronizedBuildFileExceptionSet;
			membershipExceptions = (
				Info.plist,
			);
			target = AD744DAE2D3917D400DDD6CE /* weather-tracker */;
		};
/* End PBXFileSystemSynchronizedBuildFileExceptionSet section */

/* Begin PBXFileSystemSynchronizedRootGroup section */
		AD744DB12D3917D400DDD6CE /* weather-tracker */ = {
			isa = PBXFileSystemSynchronizedRootGroup;
			exceptions = (
				ADC0E7382D3A380A00B96FEE /* Exceptions for "weather-tracker" folder in "weather-tracker" target */,
			);
			path = "weather-tracker";
			sourceTree = "<group>";
		};
		AD744DC22D3917D500DDD6CE /* weather-trackerTests */ = {
			isa = PBXFileSystemSynchronizedRootGroup;
			path = "weather-trackerTests";
			sourceTree = "<group>";
		};
		AD744DCC2D3917D500DDD6CE /* weather-trackerUITests */ = {
			isa = PBXFileSystemSynchronizedRootGroup;
			path = "weather-trackerUITests";
			sourceTree = "<group>";
		};
/* End PBXFileSystemSynchronizedRootGroup section */

/* Begin PBXFrameworksBuildPhase section */
		AD744DAC2D3917D400DDD6CE /* Frameworks */ = {
			isa = PBXFrameworksBuildPhase;
			buildActionMask = 2147483647;
			files = (
			);
			runOnlyForDeploymentPostprocessing = 0;
		};
		AD744DBC2D3917D500DDD6CE /* Frameworks */ = {
			isa = PBXFrameworksBuildPhase;
			buildActionMask = 2147483647;
			files = (
			);
			runOnlyForDeploymentPostprocessing = 0;
		};
		AD744DC62D3917D500DDD6CE /* Frameworks */ = {
			isa = PBXFrameworksBuildPhase;
			buildActionMask = 2147483647;
			files = (
			);
			runOnlyForDeploymentPostprocessing = 0;
		};
/* End PBXFrameworksBuildPhase section */

/* Begin PBXGroup section */
		AD744DA62D3917D400DDD6CE = {
			isa = PBXGroup;
			children = (
				AD744DB12D3917D400DDD6CE /* weather-tracker */,
				AD744DC22D3917D500DDD6CE /* weather-trackerTests */,
				AD744DCC2D3917D500DDD6CE /* weather-trackerUITests */,
				AD744DB02D3917D400DDD6CE /* Products */,
			);
			sourceTree = "<group>";
		};
		AD744DB02D3917D400DDD6CE /* Products */ = {
			isa = PBXGroup;
			children = (
				AD744DAF2D3917D400DDD6CE /* weather-tracker.app */,
				AD744DBF2D3917D500DDD6CE /* weather-trackerTests.xctest */,
				AD744DC92D3917D500DDD6CE /* weather-trackerUITests.xctest */,
			);
			name = Products;
			sourceTree = "<group>";
		};
/* End PBXGroup section */

/* Begin PBXNativeTarget section */
		AD744DAE2D3917D400DDD6CE /* weather-tracker */ = {
			isa = PBXNativeTarget;
			buildConfigurationList = AD744DD32D3917D500DDD6CE /* Build configuration list for PBXNativeTarget "weather-tracker" */;
			buildPhases = (
				AD744DAB2D3917D400DDD6CE /* Sources */,
				AD744DAC2D3917D400DDD6CE /* Frameworks */,
				AD744DAD2D3917D400DDD6CE /* Resources */,
			);
			buildRules = (
			);
			dependencies = (
			);
			fileSystemSynchronizedGroups = (
				AD744DB12D3917D400DDD6CE /* weather-tracker */,
			);
			name = "weather-tracker";
			packageProductDependencies = (
			);
			productName = "weather-tracker";
			productReference = AD744DAF2D3917D400DDD6CE /* weather-tracker.app */;
			productType = "com.apple.product-type.application";
		};
		AD744DBE2D3917D500DDD6CE /* weather-trackerTests */ = {
			isa = PBXNativeTarget;
			buildConfigurationList = AD744DD62D3917D500DDD6CE /* Build configuration list for PBXNativeTarget "weather-trackerTests" */;
			buildPhases = (
				AD744DBB2D3917D500DDD6CE /* Sources */,
				AD744DBC2D3917D500DDD6CE /* Frameworks */,
				AD744DBD2D3917D500DDD6CE /* Resources */,
			);
			buildRules = (
			);
			dependencies = (
				AD744DC12D3917D500DDD6CE /* PBXTargetDependency */,
			);
			fileSystemSynchronizedGroups = (
				AD744DC22D3917D500DDD6CE /* weather-trackerTests */,
			);
			name = "weather-trackerTests";
			packageProductDependencies = (
			);
			productName = "weather-trackerTests";
			productReference = AD744DBF2D3917D500DDD6CE /* weather-trackerTests.xctest */;
			productType = "com.apple.product-type.bundle.unit-test";
		};
		AD744DC82D3917D500DDD6CE /* weather-trackerUITests */ = {
			isa = PBXNativeTarget;
			buildConfigurationList = AD744DD92D3917D500DDD6CE /* Build configuration list for PBXNativeTarget "weather-trackerUITests" */;
			buildPhases = (
				AD744DC52D3917D500DDD6CE /* Sources */,
				AD744DC62D3917D500DDD6CE /* Frameworks */,
				AD744DC72D3917D500DDD6CE /* Resources */,
			);
			buildRules = (
			);
			dependencies = (
				AD744DCB2D3917D500DDD6CE /* PBXTargetDependency */,
			);
			fileSystemSynchronizedGroups = (
				AD744DCC2D3917D500DDD6CE /* weather-trackerUITests */,
			);
			name = "weather-trackerUITests";
			packageProductDependencies = (
			);
			productName = "weather-trackerUITests";
			productReference = AD744DC92D3917D500DDD6CE /* weather-trackerUITests.xctest */;
			productType = "com.apple.product-type.bundle.ui-testing";
		};
/* End PBXNativeTarget section */

/* Begin PBXProject section */
		AD744DA72D3917D400DDD6CE /* Project object */ = {
			isa = PBXProject;
			attributes = {
				BuildIndependentTargetsInParallel = 1;
				LastSwiftUpdateCheck = 1600;
				LastUpgradeCheck = 1600;
				TargetAttributes = {
					AD744DAE2D3917D400DDD6CE = {
						CreatedOnToolsVersion = 16.0;
					};
					AD744DBE2D3917D500DDD6CE = {
						CreatedOnToolsVersion = 16.0;
						TestTargetID = AD744DAE2D3917D400DDD6CE;
					};
					AD744DC82D3917D500DDD6CE = {
						CreatedOnToolsVersion = 16.0;
						TestTargetID = AD744DAE2D3917D400DDD6CE;
					};
				};
			};
			buildConfigurationList = AD744DAA2D3917D400DDD6CE /* Build configuration list for PBXProject "weather-tracker" */;
			developmentRegion = en;
			hasScannedForEncodings = 0;
			knownRegions = (
				en,
				Base,
			);
			mainGroup = AD744DA62D3917D400DDD6CE;
			minimizedProjectReferenceProxies = 1;
			preferredProjectObjectVersion = 77;
			productRefGroup = AD744DB02D3917D400DDD6CE /* Products */;
			projectDirPath = "";
			projectRoot = "";
			targets = (
				AD744DAE2D3917D400DDD6CE /* weather-tracker */,
				AD744DBE2D3917D500DDD6CE /* weather-trackerTests */,
				AD744DC82D3917D500DDD6CE /* weather-trackerUITests */,
			);
		};
/* End PBXProject section */

/* Begin PBXResourcesBuildPhase section */
		AD744DAD2D3917D400DDD6CE /* Resources */ = {
			isa = PBXResourcesBuildPhase;
			buildActionMask = 2147483647;
			files = (
			);
			runOnlyForDeploymentPostprocessing = 0;
		};
		AD744DBD2D3917D500DDD6CE /* Resources */ = {
			isa = PBXResourcesBuildPhase;
			buildActionMask = 2147483647;
			files = (
			);
			runOnlyForDeploymentPostprocessing = 0;
		};
		AD744DC72D3917D500DDD6CE /* Resources */ = {
			isa = PBXResourcesBuildPhase;
			buildActionMask = 2147483647;
			files = (
			);
			runOnlyForDeploymentPostprocessing = 0;
		};
/* End PBXResourcesBuildPhase section */

/* Begin PBXSourcesBuildPhase section */
		AD744DAB2D3917D400DDD6CE /* Sources */ = {
			isa = PBXSourcesBuildPhase;
			buildActionMask = 2147483647;
			files = (
			);
			runOnlyForDeploymentPostprocessing = 0;
		};
		AD744DBB2D3917D500DDD6CE /* Sources */ = {
			isa = PBXSourcesBuildPhase;
			buildActionMask = 2147483647;
			files = (
			);
			runOnlyForDeploymentPostprocessing = 0;
		};
		AD744DC52D3917D500DDD6CE /* Sources */ = {
			isa = PBXSourcesBuildPhase;
			buildActionMask = 2147483647;
			files = (
			);
			runOnlyForDeploymentPostprocessing = 0;
		};
/* End PBXSourcesBuildPhase section */

/* Begin PBXTargetDependency section */
		AD744DC12D3917D500DDD6CE /* PBXTargetDependency */ = {
			isa = PBXTargetDependency;
			target = AD744DAE2D3917D400DDD6CE /* weather-tracker */;
			targetProxy = AD744DC02D3917D500DDD6CE /* PBXContainerItemProxy */;
		};
		AD744DCB2D3917D500DDD6CE /* PBXTargetDependency */ = {
			isa = PBXTargetDependency;
			target = AD744DAE2D3917D400DDD6CE /* weather-tracker */;
			targetProxy = AD744DCA2D3917D500DDD6CE /* PBXContainerItemProxy */;
		};
/* End PBXTargetDependency section */

/* Begin XCBuildConfiguration section */
		AD744DD12D3917D500DDD6CE /* Debug */ = {
			isa = XCBuildConfiguration;
			baseConfigurationReferenceAnchor = AD744DB12D3917D400DDD6CE /* weather-tracker */;
			baseConfigurationReferenceRelativePath = Config/Debug.xcconfig;
			buildSettings = {
				ALWAYS_SEARCH_USER_PATHS = NO;
				ASSETCATALOG_COMPILER_GENERATE_SWIFT_ASSET_SYMBOL_EXTENSIONS = YES;
				CLANG_ANALYZER_NONNULL = YES;
				CLANG_ANALYZER_NUMBER_OBJECT_CONVERSION = YES_AGGRESSIVE;
				CLANG_CXX_LANGUAGE_STANDARD = "gnu++20";
				CLANG_ENABLE_MODULES = YES;
				CLANG_ENABLE_OBJC_ARC = YES;
				CLANG_ENABLE_OBJC_WEAK = YES;
				CLANG_WARN_BLOCK_CAPTURE_AUTORELEASING = YES;
				CLANG_WARN_BOOL_CONVERSION = YES;
				CLANG_WARN_COMMA = YES;
				CLANG_WARN_CONSTANT_CONVERSION = YES;
				CLANG_WARN_DEPRECATED_OBJC_IMPLEMENTATIONS = YES;
				CLANG_WARN_DIRECT_OBJC_ISA_USAGE = YES_ERROR;
				CLANG_WARN_DOCUMENTATION_COMMENTS = YES;
				CLANG_WARN_EMPTY_BODY = YES;
				CLANG_WARN_ENUM_CONVERSION = YES;
				CLANG_WARN_INFINITE_RECURSION = YES;
				CLANG_WARN_INT_CONVERSION = YES;
				CLANG_WARN_NON_LITERAL_NULL_CONVERSION = YES;
				CLANG_WARN_OBJC_IMPLICIT_RETAIN_SELF = YES;
				CLANG_WARN_OBJC_LITERAL_CONVERSION = YES;
				CLANG_WARN_OBJC_ROOT_CLASS = YES_ERROR;
				CLANG_WARN_QUOTED_INCLUDE_IN_FRAMEWORK_HEADER = YES;
				CLANG_WARN_RANGE_LOOP_ANALYSIS = YES;
				CLANG_WARN_STRICT_PROTOTYPES = YES;
				CLANG_WARN_SUSPICIOUS_MOVE = YES;
				CLANG_WARN_UNGUARDED_AVAILABILITY = YES_AGGRESSIVE;
				CLANG_WARN_UNREACHABLE_CODE = YES;
				CLANG_WARN__DUPLICATE_METHOD_MATCH = YES;
				COPY_PHASE_STRIP = NO;
				DEBUG_INFORMATION_FORMAT = dwarf;
				ENABLE_STRICT_OBJC_MSGSEND = YES;
				ENABLE_TESTABILITY = YES;
				ENABLE_USER_SCRIPT_SANDBOXING = YES;
				GCC_C_LANGUAGE_STANDARD = gnu17;
				GCC_DYNAMIC_NO_PIC = NO;
				GCC_NO_COMMON_BLOCKS = YES;
				GCC_OPTIMIZATION_LEVEL = 0;
				GCC_PREPROCESSOR_DEFINITIONS = (
					"DEBUG=1",
					"$(inherited)",
				);
				GCC_WARN_64_TO_32_BIT_CONVERSION = YES;
				GCC_WARN_ABOUT_RETURN_TYPE = YES_ERROR;
				GCC_WARN_UNDECLARED_SELECTOR = YES;
				GCC_WARN_UNINITIALIZED_AUTOS = YES_AGGRESSIVE;
				GCC_WARN_UNUSED_FUNCTION = YES;
				GCC_WARN_UNUSED_VARIABLE = YES;
				IPHONEOS_DEPLOYMENT_TARGET = 18.0;
				LOCALIZATION_PREFERS_STRING_CATALOGS = YES;
				MTL_ENABLE_DEBUG_INFO = INCLUDE_SOURCE;
				MTL_FAST_MATH = YES;
				ONLY_ACTIVE_ARCH = YES;
				SDKROOT = iphoneos;
				SWIFT_ACTIVE_COMPILATION_CONDITIONS = "DEBUG $(inherited)";
				SWIFT_OPTIMIZATION_LEVEL = "-Onone";
			};
			name = Debug;
		};
		AD744DD22D3917D500DDD6CE /* Release */ = {
			isa = XCBuildConfiguration;
			baseConfigurationReferenceAnchor = AD744DB12D3917D400DDD6CE /* weather-tracker */;
			baseConfigurationReferenceRelativePath = Config/Release.xcconfig;
			buildSettings = {
				ALWAYS_SEARCH_USER_PATHS = NO;
				ASSETCATALOG_COMPILER_GENERATE_SWIFT_ASSET_SYMBOL_EXTENSIONS = YES;
				CLANG_ANALYZER_NONNULL = YES;
				CLANG_ANALYZER_NUMBER_OBJECT_CONVERSION = YES_AGGRESSIVE;
				CLANG_CXX_LANGUAGE_STANDARD = "gnu++20";
				CLANG_ENABLE_MODULES = YES;
				CLANG_ENABLE_OBJC_ARC = YES;
				CLANG_ENABLE_OBJC_WEAK = YES;
				CLANG_WARN_BLOCK_CAPTURE_AUTORELEASING = YES;
				CLANG_WARN_BOOL_CONVERSION = YES;
				CLANG_WARN_COMMA = YES;
				CLANG_WARN_CONSTANT_CONVERSION = YES;
				CLANG_WARN_DEPRECATED_OBJC_IMPLEMENTATIONS = YES;
				CLANG_WARN_DIRECT_OBJC_ISA_USAGE = YES_ERROR;
				CLANG_WARN_DOCUMENTATION_COMMENTS = YES;
				CLANG_WARN_EMPTY_BODY = YES;
				CLANG_WARN_ENUM_CONVERSION = YES;
				CLANG_WARN_INFINITE_RECURSION = YES;
				CLANG_WARN_INT_CONVERSION = YES;
				CLANG_WARN_NON_LITERAL_NULL_CONVERSION = YES;
				CLANG_WARN_OBJC_IMPLICIT_RETAIN_SELF = YES;
				CLANG_WARN_OBJC_LITERAL_CONVERSION = YES;
				CLANG_WARN_OBJC_ROOT_CLASS = YES_ERROR;
				CLANG_WARN_QUOTED_INCLUDE_IN_FRAMEWORK_HEADER = YES;
				CLANG_WARN_RANGE_LOOP_ANALYSIS = YES;
				CLANG_WARN_STRICT_PROTOTYPES = YES;
				CLANG_WARN_SUSPICIOUS_MOVE = YES;
				CLANG_WARN_UNGUARDED_AVAILABILITY = YES_AGGRESSIVE;
				CLANG_WARN_UNREACHABLE_CODE = YES;
				CLANG_WARN__DUPLICATE_METHOD_MATCH = YES;
				COPY_PHASE_STRIP = NO;
				DEBUG_INFORMATION_FORMAT = "dwarf-with-dsym";
				ENABLE_NS_ASSERTIONS = NO;
				ENABLE_STRICT_OBJC_MSGSEND = YES;
				ENABLE_USER_SCRIPT_SANDBOXING = YES;
				GCC_C_LANGUAGE_STANDARD = gnu17;
				GCC_NO_COMMON_BLOCKS = YES;
				GCC_WARN_64_TO_32_BIT_CONVERSION = YES;
				GCC_WARN_ABOUT_RETURN_TYPE = YES_ERROR;
				GCC_WARN_UNDECLARED_SELECTOR = YES;
				GCC_WARN_UNINITIALIZED_AUTOS = YES_AGGRESSIVE;
				GCC_WARN_UNUSED_FUNCTION = YES;
				GCC_WARN_UNUSED_VARIABLE = YES;
				IPHONEOS_DEPLOYMENT_TARGET = 18.0;
				LOCALIZATION_PREFERS_STRING_CATALOGS = YES;
				MTL_ENABLE_DEBUG_INFO = NO;
				MTL_FAST_MATH = YES;
				SDKROOT = iphoneos;
				SWIFT_COMPILATION_MODE = wholemodule;
				VALIDATE_PRODUCT = YES;
			};
			name = Release;
		};
		AD744DD42D3917D500DDD6CE /* Debug */ = {
			isa = XCBuildConfiguration;
			baseConfigurationReferenceAnchor = AD744DB12D3917D400DDD6CE /* weather-tracker */;
			baseConfigurationReferenceRelativePath = Config/Debug.xcconfig;
			buildSettings = {
				ASSETCATALOG_COMPILER_APPICON_NAME = AppIcon;
				ASSETCATALOG_COMPILER_GLOBAL_ACCENT_COLOR_NAME = AccentColor;
				CODE_SIGN_IDENTITY = "Apple Development";
				CODE_SIGN_STYLE = Automatic;
				CURRENT_PROJECT_VERSION = 1;
				DEVELOPMENT_ASSET_PATHS = "\"weather-tracker/Preview Content\"";
				DEVELOPMENT_TEAM = "";
				ENABLE_PREVIEWS = YES;
				GENERATE_INFOPLIST_FILE = YES;
				INFOPLIST_FILE = "weather-tracker/Info.plist";
				INFOPLIST_KEY_UIApplicationSceneManifest_Generation = YES;
				INFOPLIST_KEY_UIApplicationSupportsIndirectInputEvents = YES;
				INFOPLIST_KEY_UILaunchScreen_Generation = YES;
				INFOPLIST_KEY_UISupportedInterfaceOrientations_iPad = "UIInterfaceOrientationPortrait UIInterfaceOrientationPortraitUpsideDown UIInterfaceOrientationLandscapeLeft UIInterfaceOrientationLandscapeRight";
				INFOPLIST_KEY_UISupportedInterfaceOrientations_iPhone = "UIInterfaceOrientationPortrait UIInterfaceOrientationLandscapeLeft UIInterfaceOrientationLandscapeRight";
				LD_RUNPATH_SEARCH_PATHS = (
					"$(inherited)",
					"@executable_path/Frameworks",
				);
				MARKETING_VERSION = 1.0;
				PRODUCT_BUNDLE_IDENTIFIER = "com.qk.weather-tracker";
				PRODUCT_NAME = "$(TARGET_NAME)";
				PROVISIONING_PROFILE_SPECIFIER = "";
				SWIFT_EMIT_LOC_STRINGS = YES;
				SWIFT_VERSION = 5.0;
				TARGETED_DEVICE_FAMILY = "1,2";
			};
			name = Debug;
		};
		AD744DD52D3917D500DDD6CE /* Release */ = {
			isa = XCBuildConfiguration;
			baseConfigurationReferenceAnchor = AD744DB12D3917D400DDD6CE /* weather-tracker */;
			baseConfigurationReferenceRelativePath = Config/Release.xcconfig;
			buildSettings = {
				ASSETCATALOG_COMPILER_APPICON_NAME = AppIcon;
				ASSETCATALOG_COMPILER_GLOBAL_ACCENT_COLOR_NAME = AccentColor;
				CODE_SIGN_IDENTITY = "Apple Development";
				CODE_SIGN_STYLE = Automatic;
				CURRENT_PROJECT_VERSION = 1;
				DEVELOPMENT_ASSET_PATHS = "\"weather-tracker/Preview Content\"";
				DEVELOPMENT_TEAM = "";
				ENABLE_PREVIEWS = YES;
				GENERATE_INFOPLIST_FILE = YES;
				INFOPLIST_FILE = "weather-tracker/Info.plist";
				INFOPLIST_KEY_UIApplicationSceneManifest_Generation = YES;
				INFOPLIST_KEY_UIApplicationSupportsIndirectInputEvents = YES;
				INFOPLIST_KEY_UILaunchScreen_Generation = YES;
				INFOPLIST_KEY_UISupportedInterfaceOrientations_iPad = "UIInterfaceOrientationPortrait UIInterfaceOrientationPortraitUpsideDown UIInterfaceOrientationLandscapeLeft UIInterfaceOrientationLandscapeRight";
				INFOPLIST_KEY_UISupportedInterfaceOrientations_iPhone = "UIInterfaceOrientationPortrait UIInterfaceOrientationLandscapeLeft UIInterfaceOrientationLandscapeRight";
				LD_RUNPATH_SEARCH_PATHS = (
					"$(inherited)",
					"@executable_path/Frameworks",
				);
				MARKETING_VERSION = 1.0;
				PRODUCT_BUNDLE_IDENTIFIER = "com.qk.weather-tracker";
				PRODUCT_NAME = "$(TARGET_NAME)";
				PROVISIONING_PROFILE_SPECIFIER = "";
				SWIFT_EMIT_LOC_STRINGS = YES;
				SWIFT_VERSION = 5.0;
				TARGETED_DEVICE_FAMILY = "1,2";
			};
			name = Release;
		};
		AD744DD72D3917D500DDD6CE /* Debug */ = {
			isa = XCBuildConfiguration;
			baseConfigurationReferenceAnchor = AD744DB12D3917D400DDD6CE /* weather-tracker */;
			baseConfigurationReferenceRelativePath = Config/Debug.xcconfig;
			buildSettings = {
				BUNDLE_LOADER = "$(TEST_HOST)";
				CODE_SIGN_STYLE = Automatic;
				CURRENT_PROJECT_VERSION = 1;
				GENERATE_INFOPLIST_FILE = YES;
				IPHONEOS_DEPLOYMENT_TARGET = 18.0;
				MARKETING_VERSION = 1.0;
				PRODUCT_BUNDLE_IDENTIFIER = "com.qk.weather-trackerTests";
				PRODUCT_NAME = "$(TARGET_NAME)";
				SWIFT_EMIT_LOC_STRINGS = NO;
				SWIFT_VERSION = 5.0;
				TARGETED_DEVICE_FAMILY = "1,2";
				TEST_HOST = "$(BUILT_PRODUCTS_DIR)/weather-tracker.app/$(BUNDLE_EXECUTABLE_FOLDER_PATH)/weather-tracker";
			};
			name = Debug;
		};
		AD744DD82D3917D500DDD6CE /* Release */ = {
			isa = XCBuildConfiguration;
			baseConfigurationReferenceAnchor = AD744DB12D3917D400DDD6CE /* weather-tracker */;
			baseConfigurationReferenceRelativePath = Config/Release.xcconfig;
			buildSettings = {
				BUNDLE_LOADER = "$(TEST_HOST)";
				CODE_SIGN_STYLE = Automatic;
				CURRENT_PROJECT_VERSION = 1;
				GENERATE_INFOPLIST_FILE = YES;
				IPHONEOS_DEPLOYMENT_TARGET = 18.0;
				MARKETING_VERSION = 1.0;
				PRODUCT_BUNDLE_IDENTIFIER = "com.qk.weather-trackerTests";
				PRODUCT_NAME = "$(TARGET_NAME)";
				SWIFT_EMIT_LOC_STRINGS = NO;
				SWIFT_VERSION = 5.0;
				TARGETED_DEVICE_FAMILY = "1,2";
				TEST_HOST = "$(BUILT_PRODUCTS_DIR)/weather-tracker.app/$(BUNDLE_EXECUTABLE_FOLDER_PATH)/weather-tracker";
			};
			name = Release;
		};
		AD744DDA2D3917D500DDD6CE /* Debug */ = {
			isa = XCBuildConfiguration;
			baseConfigurationReferenceAnchor = AD744DB12D3917D400DDD6CE /* weather-tracker */;
			baseConfigurationReferenceRelativePath = Config/Debug.xcconfig;
			buildSettings = {
				CODE_SIGN_STYLE = Automatic;
				CURRENT_PROJECT_VERSION = 1;
				GENERATE_INFOPLIST_FILE = YES;
				MARKETING_VERSION = 1.0;
				PRODUCT_BUNDLE_IDENTIFIER = "com.qk.weather-trackerUITests";
				PRODUCT_NAME = "$(TARGET_NAME)";
				SWIFT_EMIT_LOC_STRINGS = NO;
				SWIFT_VERSION = 5.0;
				TARGETED_DEVICE_FAMILY = "1,2";
				TEST_TARGET_NAME = "weather-tracker";
			};
			name = Debug;
		};
		AD744DDB2D3917D500DDD6CE /* Release */ = {
			isa = XCBuildConfiguration;
			baseConfigurationReferenceAnchor = AD744DB12D3917D400DDD6CE /* weather-tracker */;
			baseConfigurationReferenceRelativePath = Config/Release.xcconfig;
			buildSettings = {
				CODE_SIGN_STYLE = Automatic;
				CURRENT_PROJECT_VERSION = 1;
				GENERATE_INFOPLIST_FILE = YES;
				MARKETING_VERSION = 1.0;
				PRODUCT_BUNDLE_IDENTIFIER = "com.qk.weather-trackerUITests";
				PRODUCT_NAME = "$(TARGET_NAME)";
				SWIFT_EMIT_LOC_STRINGS = NO;
				SWIFT_VERSION = 5.0;
				TARGETED_DEVICE_FAMILY = "1,2";
				TEST_TARGET_NAME = "weather-tracker";
			};
			name = Release;
		};
/* End XCBuildConfiguration section */

/* Begin XCConfigurationList section */
		AD744DAA2D3917D400DDD6CE /* Build configuration list for PBXProject "weather-tracker" */ = {
			isa = XCConfigurationList;
			buildConfigurations = (
				AD744DD12D3917D500DDD6CE /* Debug */,
				AD744DD22D3917D500DDD6CE /* Release */,
			);
			defaultConfigurationIsVisible = 0;
			defaultConfigurationName = Release;
		};
		AD744DD32D3917D500DDD6CE /* Build configuration list for PBXNativeTarget "weather-tracker" */ = {
			isa = XCConfigurationList;
			buildConfigurations = (
				AD744DD42D3917D500DDD6CE /* Debug */,
				AD744DD52D3917D500DDD6CE /* Release */,
			);
			defaultConfigurationIsVisible = 0;
			defaultConfigurationName = Release;
		};
		AD744DD62D3917D500DDD6CE /* Build configuration list for PBXNativeTarget "weather-trackerTests" */ = {
			isa = XCConfigurationList;
			buildConfigurations = (
				AD744DD72D3917D500DDD6CE /* Debug */,
				AD744DD82D3917D500DDD6CE /* Release */,
			);
			defaultConfigurationIsVisible = 0;
			defaultConfigurationName = Release;
		};
		AD744DD92D3917D500DDD6CE /* Build configuration list for PBXNativeTarget "weather-trackerUITests" */ = {
			isa = XCConfigurationList;
			buildConfigurations = (
				AD744DDA2D3917D500DDD6CE /* Debug */,
				AD744DDB2D3917D500DDD6CE /* Release */,
			);
			defaultConfigurationIsVisible = 0;
			defaultConfigurationName = Release;
		};
/* End XCConfigurationList section */
	};
	rootObject = AD744DA72D3917D400DDD6CE /* Project object */;
}
